
Microsoft Visual Studio Solution File, Format Version 12.00
# Visual Studio Version 17
VisualStudioVersion = 17.3.32825.248
MinimumVisualStudioVersion = 10.0.40219.1
Project("{FAE04EC0-301F-11D3-BF4B-00C04F79EFBC}") = "CA220921", "CA220921.csproj", "{C057A65F-1AD6-4B9F-A874-DF5AB4737908}"
EndProject
Global
	GlobalSection(SolutionConfigurationPlatforms) = preSolution
		Debug|Any CPU = Debug|Any CPU
		Release|Any CPU = Release|Any CPU
	EndGlobalSection
	GlobalSection(ProjectConfigurationPlatforms) = postSolution
		{C057A65F-1AD6-4B9F-A874-DF5AB4737908}.Debug|Any CPU.ActiveCfg = Debug|Any CPU
		{C057A65F-1AD6-4B9F-A874-DF5AB4737908}.Debug|Any CPU.Build.0 = Debug|Any CPU
		{C057A65F-1AD6-4B9F-A874-DF5AB4737908}.Release|Any CPU.ActiveCfg = Release|Any CPU
		{C057A65F-1AD6-4B9F-A874-DF5AB4737908}.Release|Any CPU.Build.0 = Release|Any CPU
	EndGlobalSection
	GlobalSection(SolutionProperties) = preSolution
		HideSolutionNode = FALSE
	EndGlobalSection
	GlobalSection(ExtensibilityGlobals) = postSolution
		SolutionGuid = {58811F07-DA97-4C68-AEDA-BB410734C1C0}
	EndGlobalSection
EndGlobal
